
Microsoft Visual Studio Solution File, Format Version 12.00
# Visual Studio Version 17
VisualStudioVersion = 17.2.32526.322
MinimumVisualStudioVersion = 10.0.40219.1
Project("{FAE04EC0-301F-11D3-BF4B-00C04F79EFBC}") = "CollectionSoftwareTask", "CollectionSoftwareTask\CollectionSoftwareTask.csproj", "{1E476940-F61E-490D-B262-3230839C6554}"
EndProject
Project("{FAE04EC0-301F-11D3-BF4B-00C04F79EFBC}") = "DoNetUtils", "..\DoNetUtils\DoNetUtils.csproj", "{59A1FD21-6045-4751-8790-B9E7F7BFFB27}"
EndProject
Global
	GlobalSection(SolutionConfigurationPlatforms) = preSolution
		Debug|Any CPU = Debug|Any CPU
		Release|Any CPU = Release|Any CPU
	EndGlobalSection
	GlobalSection(ProjectConfigurationPlatforms) = postSolution
		{1E476940-F61E-490D-B262-3230839C6554}.Debug|Any CPU.ActiveCfg = Debug|Any CPU
		{1E476940-F61E-490D-B262-3230839C6554}.Debug|Any CPU.Build.0 = Debug|Any CPU
		{1E476940-F61E-490D-B262-3230839C6554}.Release|Any CPU.ActiveCfg = Release|Any CPU
		{1E476940-F61E-490D-B262-3230839C6554}.Release|Any CPU.Build.0 = Release|Any CPU
		{59A1FD21-6045-4751-8790-B9E7F7BFFB27}.Debug|Any CPU.ActiveCfg = Debug|Any CPU
		{59A1FD21-6045-4751-8790-B9E7F7BFFB27}.Debug|Any CPU.Build.0 = Debug|Any CPU
		{59A1FD21-6045-4751-8790-B9E7F7BFFB27}.Release|Any CPU.ActiveCfg = Release|Any CPU
		{59A1FD21-6045-4751-8790-B9E7F7BFFB27}.Release|Any CPU.Build.0 = Release|Any CPU
	EndGlobalSection
	GlobalSection(SolutionProperties) = preSolution
		HideSolutionNode = FALSE
	EndGlobalSection
	GlobalSection(ExtensibilityGlobals) = postSolution
		SolutionGuid = {D1CDBE30-3D44-49CA-BEDE-0A03F37EFC96}
	EndGlobalSection
EndGlobal
